
Microsoft Visual Studio Solution File, Format Version 12.00
# Visual Studio Version 17
VisualStudioVersion = 17.4.33122.133
MinimumVisualStudioVersion = 15.0.26124.0
Project("{9A19103F-16F7-4668-BE54-9A1E7A4F7556}") = "Net7ExistingContainerLambdaCdk", "src\Net7ExistingContainerLambdaCdk\Net7ExistingContainerLambdaCdk.csproj", "{00D8A0E8-3A02-4E88-8C15-BDC5E28DAF4B}"
EndProject
Project("{9A19103F-16F7-4668-BE54-9A1E7A4F7556}") = "Net7BundlingContainerLambdaCdk", "src\Net7BundlingContainerLambdaCdk\Net7BundlingContainerLambdaCdk.csproj", "{473CA158-87AA-42A5-B13F-063C306BBAC2}"
EndProject
Project("{9A19103F-16F7-4668-BE54-9A1E7A4F7556}") = "Net6ExistingZipFileLambdaCdk", "src\Net6ExistingZipFileLambdaCdk\Net6ExistingZipFileLambdaCdk.csproj", "{BA203589-4378-4C02-8FE4-0C01A54A16B8}"
EndProject
Project("{9A19103F-16F7-4668-BE54-9A1E7A4F7556}") = "Net6BundlingZipFileLambdaCdk", "src\Net6BundlingZipFileLambdaCdk\Net6BundlingZipFileLambdaCdk.csproj", "{44FF257A-96CB-4E59-8337-2D5D6446BA99}"
EndProject
Project("{9A19103F-16F7-4668-BE54-9A1E7A4F7556}") = "My.Net6.Lambda", "src\My.Net6.Lambda\My.Net6.Lambda.csproj", "{CC1F6C11-C494-418C-A34C-5FAA0AC35062}"
EndProject
Project("{9A19103F-16F7-4668-BE54-9A1E7A4F7556}") = "My.Net7.Lambda", "src\My.Net7.Lambda\My.Net7.Lambda.csproj", "{E2A52FF6-F1A5-48FF-8C6B-5B66E3BD4576}"
EndProject
Project("{9A19103F-16F7-4668-BE54-9A1E7A4F7556}") = "Net6UsingDotNetFunctionLambdaCdk", "src\Net6UsingDotNetFunctionLambdaCdk\Net6UsingDotNetFunctionLambdaCdk.csproj", "{B354DC00-54A5-4163-8D72-809E57933B3F}"
EndProject
Global
	GlobalSection(SolutionConfigurationPlatforms) = preSolution
		Debug|Any CPU = Debug|Any CPU
		Debug|x64 = Debug|x64
		Debug|x86 = Debug|x86
		Release|Any CPU = Release|Any CPU
		Release|x64 = Release|x64
		Release|x86 = Release|x86
	EndGlobalSection
	GlobalSection(ProjectConfigurationPlatforms) = postSolution
		{00D8A0E8-3A02-4E88-8C15-BDC5E28DAF4B}.Debug|Any CPU.ActiveCfg = Debug|Any CPU
		{00D8A0E8-3A02-4E88-8C15-BDC5E28DAF4B}.Debug|Any CPU.Build.0 = Debug|Any CPU
		{00D8A0E8-3A02-4E88-8C15-BDC5E28DAF4B}.Debug|x64.ActiveCfg = Debug|Any CPU
		{00D8A0E8-3A02-4E88-8C15-BDC5E28DAF4B}.Debug|x64.Build.0 = Debug|Any CPU
		{00D8A0E8-3A02-4E88-8C15-BDC5E28DAF4B}.Debug|x86.ActiveCfg = Debug|Any CPU
		{00D8A0E8-3A02-4E88-8C15-BDC5E28DAF4B}.Debug|x86.Build.0 = Debug|Any CPU
		{00D8A0E8-3A02-4E88-8C15-BDC5E28DAF4B}.Release|Any CPU.ActiveCfg = Release|Any CPU
		{00D8A0E8-3A02-4E88-8C15-BDC5E28DAF4B}.Release|Any CPU.Build.0 = Release|Any CPU
		{00D8A0E8-3A02-4E88-8C15-BDC5E28DAF4B}.Release|x64.ActiveCfg = Release|Any CPU
		{00D8A0E8-3A02-4E88-8C15-BDC5E28DAF4B}.Release|x64.Build.0 = Release|Any CPU
		{00D8A0E8-3A02-4E88-8C15-BDC5E28DAF4B}.Release|x86.ActiveCfg = Release|Any CPU
		{00D8A0E8-3A02-4E88-8C15-BDC5E28DAF4B}.Release|x86.Build.0 = Release|Any CPU
		{473CA158-87AA-42A5-B13F-063C306BBAC2}.Debug|Any CPU.ActiveCfg = Debug|Any CPU
		{473CA158-87AA-42A5-B13F-063C306BBAC2}.Debug|Any CPU.Build.0 = Debug|Any CPU
		{473CA158-87AA-42A5-B13F-063C306BBAC2}.Debug|x64.ActiveCfg = Debug|Any CPU
		{473CA158-87AA-42A5-B13F-063C306BBAC2}.Debug|x64.Build.0 = Debug|Any CPU
		{473CA158-87AA-42A5-B13F-063C306BBAC2}.Debug|x86.ActiveCfg = Debug|Any CPU
		{473CA158-87AA-42A5-B13F-063C306BBAC2}.Debug|x86.Build.0 = Debug|Any CPU
		{473CA158-87AA-42A5-B13F-063C306BBAC2}.Release|Any CPU.ActiveCfg = Release|Any CPU
		{473CA158-87AA-42A5-B13F-063C306BBAC2}.Release|Any CPU.Build.0 = Release|Any CPU
		{473CA158-87AA-42A5-B13F-063C306BBAC2}.Release|x64.ActiveCfg = Release|Any CPU
		{473CA158-87AA-42A5-B13F-063C306BBAC2}.Release|x64.Build.0 = Release|Any CPU
		{473CA158-87AA-42A5-B13F-063C306BBAC2}.Release|x86.ActiveCfg = Release|Any CPU
		{473CA158-87AA-42A5-B13F-063C306BBAC2}.Release|x86.Build.0 = Release|Any CPU
		{BA203589-4378-4C02-8FE4-0C01A54A16B8}.Debug|Any CPU.ActiveCfg = Debug|Any CPU
		{BA203589-4378-4C02-8FE4-0C01A54A16B8}.Debug|Any CPU.Build.0 = Debug|Any CPU
		{BA203589-4378-4C02-8FE4-0C01A54A16B8}.Debug|x64.ActiveCfg = Debug|Any CPU
		{BA203589-4378-4C02-8FE4-0C01A54A16B8}.Debug|x64.Build.0 = Debug|Any CPU
		{BA203589-4378-4C02-8FE4-0C01A54A16B8}.Debug|x86.ActiveCfg = Debug|Any CPU
		{BA203589-4378-4C02-8FE4-0C01A54A16B8}.Debug|x86.Build.0 = Debug|Any CPU
		{BA203589-4378-4C02-8FE4-0C01A54A16B8}.Release|Any CPU.ActiveCfg = Release|Any CPU
		{BA203589-4378-4C02-8FE4-0C01A54A16B8}.Release|Any CPU.Build.0 = Release|Any CPU
		{BA203589-4378-4C02-8FE4-0C01A54A16B8}.Release|x64.ActiveCfg = Release|Any CPU
		{BA203589-4378-4C02-8FE4-0C01A54A16B8}.Release|x64.Build.0 = Release|Any CPU
		{BA203589-4378-4C02-8FE4-0C01A54A16B8}.Release|x86.ActiveCfg = Release|Any CPU
		{BA203589-4378-4C02-8FE4-0C01A54A16B8}.Release|x86.Build.0 = Release|Any CPU
		{44FF257A-96CB-4E59-8337-2D5D6446BA99}.Debug|Any CPU.ActiveCfg = Debug|Any CPU
		{44FF257A-96CB-4E59-8337-2D5D6446BA99}.Debug|Any CPU.Build.0 = Debug|Any CPU
		{44FF257A-96CB-4E59-8337-2D5D6446BA99}.Debug|x64.ActiveCfg = Debug|Any CPU
		{44FF257A-96CB-4E59-8337-2D5D6446BA99}.Debug|x64.Build.0 = Debug|Any CPU
		{44FF257A-96CB-4E59-8337-2D5D6446BA99}.Debug|x86.ActiveCfg = Debug|Any CPU
		{44FF257A-96CB-4E59-8337-2D5D6446BA99}.Debug|x86.Build.0 = Debug|Any CPU
		{44FF257A-96CB-4E59-8337-2D5D6446BA99}.Release|Any CPU.ActiveCfg = Release|Any CPU
		{44FF257A-96CB-4E59-8337-2D5D6446BA99}.Release|Any CPU.Build.0 = Release|Any CPU
		{44FF257A-96CB-4E59-8337-2D5D6446BA99}.Release|x64.ActiveCfg = Release|Any CPU
		{44FF257A-96CB-4E59-8337-2D5D6446BA99}.Release|x64.Build.0 = Release|Any CPU
		{44FF257A-96CB-4E59-8337-2D5D6446BA99}.Release|x86.ActiveCfg = Release|Any CPU
		{44FF257A-96CB-4E59-8337-2D5D6446BA99}.Release|x86.Build.0 = Release|Any CPU
		{CC1F6C11-C494-418C-A34C-5FAA0AC35062}.Debug|Any CPU.ActiveCfg = Debug|Any CPU
		{CC1F6C11-C494-418C-A34C-5FAA0AC35062}.Debug|Any CPU.Build.0 = Debug|Any CPU
		{CC1F6C11-C494-418C-A34C-5FAA0AC35062}.Debug|x64.ActiveCfg = Debug|Any CPU
		{CC1F6C11-C494-418C-A34C-5FAA0AC35062}.Debug|x64.Build.0 = Debug|Any CPU
		{CC1F6C11-C494-418C-A34C-5FAA0AC35062}.Debug|x86.ActiveCfg = Debug|Any CPU
		{CC1F6C11-C494-418C-A34C-5FAA0AC35062}.Debug|x86.Build.0 = Debug|Any CPU
		{CC1F6C11-C494-418C-A34C-5FAA0AC35062}.Release|Any CPU.ActiveCfg = Release|Any CPU
		{CC1F6C11-C494-418C-A34C-5FAA0AC35062}.Release|Any CPU.Build.0 = Release|Any CPU
		{CC1F6C11-C494-418C-A34C-5FAA0AC35062}.Release|x64.ActiveCfg = Release|Any CPU
		{CC1F6C11-C494-418C-A34C-5FAA0AC35062}.Release|x64.Build.0 = Release|Any CPU
		{CC1F6C11-C494-418C-A34C-5FAA0AC35062}.Release|x86.ActiveCfg = Release|Any CPU
		{CC1F6C11-C494-418C-A34C-5FAA0AC35062}.Release|x86.Build.0 = Release|Any CPU
		{E2A52FF6-F1A5-48FF-8C6B-5B66E3BD4576}.Debug|Any CPU.ActiveCfg = Debug|Any CPU
		{E2A52FF6-F1A5-48FF-8C6B-5B66E3BD4576}.Debug|Any CPU.Build.0 = Debug|Any CPU
		{E2A52FF6-F1A5-48FF-8C6B-5B66E3BD4576}.Debug|x64.ActiveCfg = Debug|Any CPU
		{E2A52FF6-F1A5-48FF-8C6B-5B66E3BD4576}.Debug|x64.Build.0 = Debug|Any CPU
		{E2A52FF6-F1A5-48FF-8C6B-5B66E3BD4576}.Debug|x86.ActiveCfg = Debug|Any CPU
		{E2A52FF6-F1A5-48FF-8C6B-5B66E3BD4576}.Debug|x86.Build.0 = Debug|Any CPU
		{E2A52FF6-F1A5-48FF-8C6B-5B66E3BD4576}.Release|Any CPU.ActiveCfg = Release|Any CPU
		{E2A52FF6-F1A5-48FF-8C6B-5B66E3BD4576}.Release|Any CPU.Build.0 = Release|Any CPU
		{E2A52FF6-F1A5-48FF-8C6B-5B66E3BD4576}.Release|x64.ActiveCfg = Release|Any CPU
		{E2A52FF6-F1A5-48FF-8C6B-5B66E3BD4576}.Release|x64.Build.0 = Release|Any CPU
		{E2A52FF6-F1A5-48FF-8C6B-5B66E3BD4576}.Release|x86.ActiveCfg = Release|Any CPU
		{E2A52FF6-F1A5-48FF-8C6B-5B66E3BD4576}.Release|x86.Build.0 = Release|Any CPU
		{B354DC00-54A5-4163-8D72-809E57933B3F}.Debug|Any CPU.ActiveCfg = Debug|Any CPU
		{B354DC00-54A5-4163-8D72-809E57933B3F}.Debug|Any CPU.Build.0 = Debug|Any CPU
		{B354DC00-54A5-4163-8D72-809E57933B3F}.Debug|x64.ActiveCfg = Debug|Any CPU
		{B354DC00-54A5-4163-8D72-809E57933B3F}.Debug|x64.Build.0 = Debug|Any CPU
		{B354DC00-54A5-4163-8D72-809E57933B3F}.Debug|x86.ActiveCfg = Debug|Any CPU
		{B354DC00-54A5-4163-8D72-809E57933B3F}.Debug|x86.Build.0 = Debug|Any CPU
		{B354DC00-54A5-4163-8D72-809E57933B3F}.Release|Any CPU.ActiveCfg = Release|Any CPU
		{B354DC00-54A5-4163-8D72-809E57933B3F}.Release|Any CPU.Build.0 = Release|Any CPU
		{B354DC00-54A5-4163-8D72-809E57933B3F}.Release|x64.ActiveCfg = Release|Any CPU
		{B354DC00-54A5-4163-8D72-809E57933B3F}.Release|x64.Build.0 = Release|Any CPU
		{B354DC00-54A5-4163-8D72-809E57933B3F}.Release|x86.ActiveCfg = Release|Any CPU
		{B354DC00-54A5-4163-8D72-809E57933B3F}.Release|x86.Build.0 = Release|Any CPU
	EndGlobalSection
	GlobalSection(SolutionProperties) = preSolution
		HideSolutionNode = FALSE
	EndGlobalSection
	GlobalSection(ExtensibilityGlobals) = postSolution
		SolutionGuid = {983B8A8E-21DD-494F-B901-825169B43DF7}
	EndGlobalSection
EndGlobal
